
Microsoft Visual Studio Solution File, Format Version 12.00
# Visual Studio Version 17
VisualStudioVersion = 17.1.32414.318
MinimumVisualStudioVersion = 10.0.40219.1
Project("{9A19103F-16F7-4668-BE54-9A1E7A4F7556}") = "HangmanOnline", "HangmanOnline\HangmanOnline.csproj", "{F2249E7B-25AD-43C5-856F-8CCE609FD76A}"
EndProject
Global
	GlobalSection(SolutionConfigurationPlatforms) = preSolution
		Debug|Any CPU = Debug|Any CPU
		Release|Any CPU = Release|Any CPU
	EndGlobalSection
	GlobalSection(ProjectConfigurationPlatforms) = postSolution
		{F2249E7B-25AD-43C5-856F-8CCE609FD76A}.Debug|Any CPU.ActiveCfg = Debug|Any CPU
		{F2249E7B-25AD-43C5-856F-8CCE609FD76A}.Debug|Any CPU.Build.0 = Debug|Any CPU
		{F2249E7B-25AD-43C5-856F-8CCE609FD76A}.Release|Any CPU.ActiveCfg = Release|Any CPU
		{F2249E7B-25AD-43C5-856F-8CCE609FD76A}.Release|Any CPU.Build.0 = Release|Any CPU
	EndGlobalSection
	GlobalSection(SolutionProperties) = preSolution
		HideSolutionNode = FALSE
	EndGlobalSection
	GlobalSection(ExtensibilityGlobals) = postSolution
		SolutionGuid = {E60C6446-B24D-4E77-B9B7-73342BC26512}
	EndGlobalSection
EndGlobal
